
Microsoft Visual Studio Solution File, Format Version 12.00
# Visual Studio Version 17
VisualStudioVersion = 17.8.34330.188
MinimumVisualStudioVersion = 10.0.40219.1
Project("{FAE04EC0-301F-11D3-BF4B-00C04F79EFBC}") = "UserApi", "userApi\UserApi.csproj", "{4D688059-0055-42C1-A41E-5E1E24F2107C}"
EndProject
Project("{FAE04EC0-301F-11D3-BF4B-00C04F79EFBC}") = "AddressApi", "AddressApi\AddressApi.csproj", "{9079D085-2A1B-491C-9314-5BCC3AE9C167}"
EndProject
Global
	GlobalSection(SolutionConfigurationPlatforms) = preSolution
		Debug|Any CPU = Debug|Any CPU
		Release|Any CPU = Release|Any CPU
	EndGlobalSection
	GlobalSection(ProjectConfigurationPlatforms) = postSolution
		{4D688059-0055-42C1-A41E-5E1E24F2107C}.Debug|Any CPU.ActiveCfg = Debug|Any CPU
		{4D688059-0055-42C1-A41E-5E1E24F2107C}.Debug|Any CPU.Build.0 = Debug|Any CPU
		{4D688059-0055-42C1-A41E-5E1E24F2107C}.Release|Any CPU.ActiveCfg = Release|Any CPU
		{4D688059-0055-42C1-A41E-5E1E24F2107C}.Release|Any CPU.Build.0 = Release|Any CPU
		{9079D085-2A1B-491C-9314-5BCC3AE9C167}.Debug|Any CPU.ActiveCfg = Debug|Any CPU
		{9079D085-2A1B-491C-9314-5BCC3AE9C167}.Debug|Any CPU.Build.0 = Debug|Any CPU
		{9079D085-2A1B-491C-9314-5BCC3AE9C167}.Release|Any CPU.ActiveCfg = Release|Any CPU
		{9079D085-2A1B-491C-9314-5BCC3AE9C167}.Release|Any CPU.Build.0 = Release|Any CPU
	EndGlobalSection
	GlobalSection(SolutionProperties) = preSolution
		HideSolutionNode = FALSE
	EndGlobalSection
	GlobalSection(ExtensibilityGlobals) = postSolution
		SolutionGuid = {A2EAEFC7-2EDE-4D55-BC23-BD021D46933B}
	EndGlobalSection
EndGlobal
